
Microsoft Visual Studio Solution File, Format Version 12.00
# Visual Studio Version 17
VisualStudioVersion = 17.0.31903.59
MinimumVisualStudioVersion = 10.0.40219.1
Project("{FAE04EC0-301F-11D3-BF4B-00C04F79EFBC}") = "JwtStore.Api", "JwtStore.Api\JwtStore.Api.csproj", "{8560265F-7B53-48AB-AA74-4554DD6ECD36}"
EndProject
Project("{FAE04EC0-301F-11D3-BF4B-00C04F79EFBC}") = "JwtStore.Core", "JwtStore.Core\JwtStore.Core.csproj", "{EDD7A4EF-23A1-43BC-BE74-7D65AB112F77}"
EndProject
Project("{FAE04EC0-301F-11D3-BF4B-00C04F79EFBC}") = "JwtStore.Infra", "JwtStore.Infra\JwtStore.Infra.csproj", "{FC339EB3-2EAC-44A1-B32C-8A0C438173D3}"
EndProject
Global
	GlobalSection(SolutionConfigurationPlatforms) = preSolution
		Debug|Any CPU = Debug|Any CPU
		Debug|x64 = Debug|x64
		Debug|x86 = Debug|x86
		Release|Any CPU = Release|Any CPU
		Release|x64 = Release|x64
		Release|x86 = Release|x86
	EndGlobalSection
	GlobalSection(ProjectConfigurationPlatforms) = postSolution
		{8560265F-7B53-48AB-AA74-4554DD6ECD36}.Debug|Any CPU.ActiveCfg = Debug|Any CPU
		{8560265F-7B53-48AB-AA74-4554DD6ECD36}.Debug|Any CPU.Build.0 = Debug|Any CPU
		{8560265F-7B53-48AB-AA74-4554DD6ECD36}.Debug|x64.ActiveCfg = Debug|Any CPU
		{8560265F-7B53-48AB-AA74-4554DD6ECD36}.Debug|x64.Build.0 = Debug|Any CPU
		{8560265F-7B53-48AB-AA74-4554DD6ECD36}.Debug|x86.ActiveCfg = Debug|Any CPU
		{8560265F-7B53-48AB-AA74-4554DD6ECD36}.Debug|x86.Build.0 = Debug|Any CPU
		{8560265F-7B53-48AB-AA74-4554DD6ECD36}.Release|Any CPU.ActiveCfg = Release|Any CPU
		{8560265F-7B53-48AB-AA74-4554DD6ECD36}.Release|Any CPU.Build.0 = Release|Any CPU
		{8560265F-7B53-48AB-AA74-4554DD6ECD36}.Release|x64.ActiveCfg = Release|Any CPU
		{8560265F-7B53-48AB-AA74-4554DD6ECD36}.Release|x64.Build.0 = Release|Any CPU
		{8560265F-7B53-48AB-AA74-4554DD6ECD36}.Release|x86.ActiveCfg = Release|Any CPU
		{8560265F-7B53-48AB-AA74-4554DD6ECD36}.Release|x86.Build.0 = Release|Any CPU
		{EDD7A4EF-23A1-43BC-BE74-7D65AB112F77}.Debug|Any CPU.ActiveCfg = Debug|Any CPU
		{EDD7A4EF-23A1-43BC-BE74-7D65AB112F77}.Debug|Any CPU.Build.0 = Debug|Any CPU
		{EDD7A4EF-23A1-43BC-BE74-7D65AB112F77}.Debug|x64.ActiveCfg = Debug|Any CPU
		{EDD7A4EF-23A1-43BC-BE74-7D65AB112F77}.Debug|x64.Build.0 = Debug|Any CPU
		{EDD7A4EF-23A1-43BC-BE74-7D65AB112F77}.Debug|x86.ActiveCfg = Debug|Any CPU
		{EDD7A4EF-23A1-43BC-BE74-7D65AB112F77}.Debug|x86.Build.0 = Debug|Any CPU
		{EDD7A4EF-23A1-43BC-BE74-7D65AB112F77}.Release|Any CPU.ActiveCfg = Release|Any CPU
		{EDD7A4EF-23A1-43BC-BE74-7D65AB112F77}.Release|Any CPU.Build.0 = Release|Any CPU
		{EDD7A4EF-23A1-43BC-BE74-7D65AB112F77}.Release|x64.ActiveCfg = Release|Any CPU
		{EDD7A4EF-23A1-43BC-BE74-7D65AB112F77}.Release|x64.Build.0 = Release|Any CPU
		{EDD7A4EF-23A1-43BC-BE74-7D65AB112F77}.Release|x86.ActiveCfg = Release|Any CPU
		{EDD7A4EF-23A1-43BC-BE74-7D65AB112F77}.Release|x86.Build.0 = Release|Any CPU
		{FC339EB3-2EAC-44A1-B32C-8A0C438173D3}.Debug|Any CPU.ActiveCfg = Debug|Any CPU
		{FC339EB3-2EAC-44A1-B32C-8A0C438173D3}.Debug|Any CPU.Build.0 = Debug|Any CPU
		{FC339EB3-2EAC-44A1-B32C-8A0C438173D3}.Debug|x64.ActiveCfg = Debug|Any CPU
		{FC339EB3-2EAC-44A1-B32C-8A0C438173D3}.Debug|x64.Build.0 = Debug|Any CPU
		{FC339EB3-2EAC-44A1-B32C-8A0C438173D3}.Debug|x86.ActiveCfg = Debug|Any CPU
		{FC339EB3-2EAC-44A1-B32C-8A0C438173D3}.Debug|x86.Build.0 = Debug|Any CPU
		{FC339EB3-2EAC-44A1-B32C-8A0C438173D3}.Release|Any CPU.ActiveCfg = Release|Any CPU
		{FC339EB3-2EAC-44A1-B32C-8A0C438173D3}.Release|Any CPU.Build.0 = Release|Any CPU
		{FC339EB3-2EAC-44A1-B32C-8A0C438173D3}.Release|x64.ActiveCfg = Release|Any CPU
		{FC339EB3-2EAC-44A1-B32C-8A0C438173D3}.Release|x64.Build.0 = Release|Any CPU
		{FC339EB3-2EAC-44A1-B32C-8A0C438173D3}.Release|x86.ActiveCfg = Release|Any CPU
		{FC339EB3-2EAC-44A1-B32C-8A0C438173D3}.Release|x86.Build.0 = Release|Any CPU
	EndGlobalSection
	GlobalSection(SolutionProperties) = preSolution
		HideSolutionNode = FALSE
	EndGlobalSection
EndGlobal
